
Microsoft Visual Studio Solution File, Format Version 12.00
# Visual Studio Version 17
VisualStudioVersion = 17.5.33627.172
MinimumVisualStudioVersion = 10.0.40219.1
Project("{FAE04EC0-301F-11D3-BF4B-00C04F79EFBC}") = "PhotoCopy", "PhotoCopy.csproj", "{D01F7E9B-7F08-4799-8EB2-8A35E3955E97}"
EndProject
Global
	GlobalSection(SolutionConfigurationPlatforms) = preSolution
		Debug|Any CPU = Debug|Any CPU
		Release|Any CPU = Release|Any CPU
	EndGlobalSection
	GlobalSection(ProjectConfigurationPlatforms) = postSolution
		{D01F7E9B-7F08-4799-8EB2-8A35E3955E97}.Debug|Any CPU.ActiveCfg = Debug|Any CPU
		{D01F7E9B-7F08-4799-8EB2-8A35E3955E97}.Debug|Any CPU.Build.0 = Debug|Any CPU
		{D01F7E9B-7F08-4799-8EB2-8A35E3955E97}.Release|Any CPU.ActiveCfg = Release|Any CPU
		{D01F7E9B-7F08-4799-8EB2-8A35E3955E97}.Release|Any CPU.Build.0 = Release|Any CPU
	EndGlobalSection
	GlobalSection(SolutionProperties) = preSolution
		HideSolutionNode = FALSE
	EndGlobalSection
	GlobalSection(ExtensibilityGlobals) = postSolution
		SolutionGuid = {2111C58B-E647-406A-8294-DC319F4F4C89}
	EndGlobalSection
EndGlobal
